aiohappyeyeballs==2.6.1
    # via aiohttp
aiohttp==3.13.5
    # via -r gateway/requirements.txt
aiosignal==1.4.0
    # via aiohttp
aiosqlite==0.22.1
    # via -r gateway/requirements.txt
annotated-doc==0.0.4
    # via
    #   fastapi
    #   typer
annotated-types==0.7.0
    # via pydantic
anyio==4.13.0
    # via
    #   httpx
    #   starlette
    #   watchfiles
attrs==26.1.0
    # via aiohttp
blis==1.3.3
    # via thinc
catalogue==2.0.10
    # via
    #   spacy
    #   srsly
    #   thinc
certifi==2026.2.25
    # via
    #   httpcore
    #   httpx
    #   requests
cffi==2.0.0
    # via cryptography
charset-normalizer==3.4.6
    # via requests
click==8.3.1
    # via
    #   typer
    #   uvicorn
cloudpathlib==0.23.0
    # via weasel
confection==1.3.3
    # via
    #   spacy
    #   thinc
    #   weasel
cryptography==46.0.6
    # via presidio-anonymizer
cymem==2.0.13
    # via
    #   preshed
    #   spacy
    #   thinc
docker==7.1.0
    # via -r gateway/requirements.txt
fastapi==0.135.2
    # via -r gateway/requirements.txt
filelock==3.25.2
    # via tldextract
frozenlist==1.8.0
    # via
    #   aiohttp
    #   aiosignal
h11==0.16.0
    # via
    #   httpcore
    #   uvicorn
httpcore==1.0.9
    # via httpx
httptools==0.7.1
    # via uvicorn
httpx==0.28.1
    # via
    #   -r gateway/requirements.txt
    #   weasel
idna==3.11
    # via
    #   anyio
    #   httpx
    #   requests
    #   tldextract
    #   yarl
iniconfig==2.3.0
    # via pytest
jinja2==3.1.6
    # via spacy
markdown-it-py==4.0.0
    # via rich
markupsafe==3.0.3
    # via jinja2
mdurl==0.1.2
    # via markdown-it-py
multidict==6.7.1
    # via
    #   aiohttp
    #   yarl
murmurhash==1.0.15
    # via
    #   preshed
    #   spacy
    #   thinc
numpy==2.4.4
    # via
    #   blis
    #   spacy
    #   thinc
packaging==26.0
    # via
    #   pytest
    #   spacy
    #   thinc
    #   weasel
phonenumbers==9.0.27
    # via presidio-analyzer
pluggy==1.6.0
    # via pytest
preshed==3.0.13
    # via
    #   spacy
    #   thinc
presidio-analyzer==2.2.362
    # via -r gateway/requirements.txt
presidio-anonymizer==2.2.362
    # via -r gateway/requirements.txt
propcache==0.4.1
    # via
    #   aiohttp
    #   yarl
psutil==6.1.1
    # via -r gateway/requirements.txt
pycparser==3.0
    # via cffi
pydantic==2.12.5
    # via
    #   -r gateway/requirements.txt
    #   fastapi
    #   presidio-analyzer
    #   pydantic-settings
    #   spacy
    #   thinc
    #   weasel
pydantic-core==2.41.5
    # via pydantic
pydantic-settings==2.13.1
    # via -r gateway/requirements.txt
pygments==2.20.0
    # via
    #   pytest
    #   rich
pytest==8.4.2
    # via
    #   -r gateway/requirements.txt
    #   pytest-asyncio
pytest-asyncio==0.26.0
    # via -r gateway/requirements.txt
python-dotenv==1.2.2
    # via
    #   pydantic-settings
    #   uvicorn
python-multipart==0.0.22
    # via -r gateway/requirements.txt
pyyaml==6.0.3
    # via
    #   -r gateway/requirements.txt
    #   presidio-analyzer
    #   uvicorn
regex==2026.3.32
    # via presidio-analyzer
requests==2.33.1
    # via
    #   docker
    #   requests-file
    #   spacy
    #   tldextract
requests-file==3.0.1
    # via tldextract
rich==14.3.3
    # via typer
shellingham==1.5.4
    # via typer
smart-open==7.5.1
    # via weasel
spacy==3.8.14
    # via
    #   -r gateway/requirements.txt
    #   presidio-analyzer
spacy-legacy==3.0.12
    # via spacy
spacy-loggers==1.0.5
    # via spacy
srsly==2.5.3
    # via
    #   spacy
    #   thinc
    #   weasel
starlette==1.0.0
    # via fastapi
thinc==8.3.13
    # via spacy
tldextract==5.3.1
    # via presidio-analyzer
tqdm==4.67.3
    # via spacy
typer==0.24.1
    # via
    #   spacy
    #   weasel
typing-extensions==4.15.0
    # via
    #   fastapi
    #   pydantic
    #   pydantic-core
    #   typing-inspection
typing-inspection==0.4.2
    # via
    #   fastapi
    #   pydantic
    #   pydantic-settings
urllib3==2.6.3
    # via
    #   docker
    #   requests
uvicorn[standard]==0.42.0
    # via -r gateway/requirements.txt
uvloop==0.22.1
    # via uvicorn
wasabi==1.1.3
    # via
    #   spacy
    #   thinc
    #   weasel
watchfiles==1.1.1
    # via uvicorn
weasel==1.0.0
    # via spacy
websockets==14.2
    # via
    #   -r gateway/requirements.txt
    #   uvicorn
wrapt==2.1.2
    # via smart-open
yarl==1.23.0
    # via aiohttp

# The following packages are considered to be unsafe in a requirements file:
# setuptools
